{
  "name": "assignment_test_driven_diary",
  "version": "1.0.0",
  "lockfileVersion": 1,
  "requires": true,
  "dependencies": {
    "unless": {
      "version": "0.1.1",
      "resolved": "https://registry.npmjs.org/unless/-/unless-0.1.1.tgz",
      "integrity": "sha1-YddYayBHGPcxU70WUzFkz521M+k="
    }
  }
}
